
Microsoft Visual Studio Solution File, Format Version 12.00
# Visual Studio Version 17
VisualStudioVersion = 17.3.32901.215
MinimumVisualStudioVersion = 10.0.40219.1
Project("{FAE04EC0-301F-11D3-BF4B-00C04F79EFBC}") = "VRCFT-Quest-Pro-Module", "VRCFT-Quest-Pro-Module.csproj", "{56F16A66-4C3A-4D81-BC93-716CDC09225A}"
EndProject
Global
	GlobalSection(SolutionConfigurationPlatforms) = preSolution
		Debug|Any CPU = Debug|Any CPU
		Release|Any CPU = Release|Any CPU
	EndGlobalSection
	GlobalSection(ProjectConfigurationPlatforms) = postSolution
		{56F16A66-4C3A-4D81-BC93-716CDC09225A}.Debug|Any CPU.ActiveCfg = Debug|Any CPU
		{56F16A66-4C3A-4D81-BC93-716CDC09225A}.Debug|Any CPU.Build.0 = Debug|Any CPU
		{56F16A66-4C3A-4D81-BC93-716CDC09225A}.Release|Any CPU.ActiveCfg = Release|Any CPU
		{56F16A66-4C3A-4D81-BC93-716CDC09225A}.Release|Any CPU.Build.0 = Release|Any CPU
	EndGlobalSection
	GlobalSection(SolutionProperties) = preSolution
		HideSolutionNode = FALSE
	EndGlobalSection
	GlobalSection(ExtensibilityGlobals) = postSolution
		SolutionGuid = {00AC04AE-287E-44B7-89D6-B57FF84E466E}
	EndGlobalSection
EndGlobal
